
Microsoft Visual Studio Solution File, Format Version 12.00
Project("{FAE04EC0-301F-11D3-BF4B-00C04F79EFBC}") = "ISPW3", "ISPW3\ISPW3.csproj", "{57BA074D-E58A-4419-8EDB-64C9B72E152C}"
EndProject
Global
	GlobalSection(SolutionConfigurationPlatforms) = preSolution
		Debug|Any CPU = Debug|Any CPU
		Release|Any CPU = Release|Any CPU
	EndGlobalSection
	GlobalSection(ProjectConfigurationPlatforms) = postSolution
		{57BA074D-E58A-4419-8EDB-64C9B72E152C}.Debug|Any CPU.ActiveCfg = Debug|Any CPU
		{57BA074D-E58A-4419-8EDB-64C9B72E152C}.Debug|Any CPU.Build.0 = Debug|Any CPU
		{57BA074D-E58A-4419-8EDB-64C9B72E152C}.Release|Any CPU.ActiveCfg = Release|Any CPU
		{57BA074D-E58A-4419-8EDB-64C9B72E152C}.Release|Any CPU.Build.0 = Release|Any CPU
	EndGlobalSection
EndGlobal
